
Microsoft Visual Studio Solution File, Format Version 12.00
# Visual Studio Version 16
VisualStudioVersion = 16.0.31729.503
MinimumVisualStudioVersion = 10.0.40219.1
Project("{FAE04EC0-301F-11D3-BF4B-00C04F79EFBC}") = "Da-Nro11-ConfigAutencicacion", "Da-Nro11-ConfigAutencicacion\Da-Nro11-ConfigAutencicacion.csproj", "{5CB26A32-275A-493B-8928-35857B1B2CE6}"
EndProject
Global
	GlobalSection(SolutionConfigurationPlatforms) = preSolution
		Debug|Any CPU = Debug|Any CPU
		Release|Any CPU = Release|Any CPU
	EndGlobalSection
	GlobalSection(ProjectConfigurationPlatforms) = postSolution
		{5CB26A32-275A-493B-8928-35857B1B2CE6}.Debug|Any CPU.ActiveCfg = Debug|Any CPU
		{5CB26A32-275A-493B-8928-35857B1B2CE6}.Debug|Any CPU.Build.0 = Debug|Any CPU
		{5CB26A32-275A-493B-8928-35857B1B2CE6}.Release|Any CPU.ActiveCfg = Release|Any CPU
		{5CB26A32-275A-493B-8928-35857B1B2CE6}.Release|Any CPU.Build.0 = Release|Any CPU
	EndGlobalSection
	GlobalSection(SolutionProperties) = preSolution
		HideSolutionNode = FALSE
	EndGlobalSection
	GlobalSection(ExtensibilityGlobals) = postSolution
		SolutionGuid = {044E3833-1BE3-4040-A389-1C2A13610567}
	EndGlobalSection
EndGlobal
